// !$*UTF8*$!
{
	archiveVersion = 1;
	classes = {
	};
	objectVersion = 46;
	objects = {

/* Begin PBXBuildFile section */
		963329DA18F96A39009B3021 /* Foundation.framework in Frameworks */ = {isa = PBXBuildFile; fileRef = 963329D918F96A39009B3021 /* Foundation.framework */; };
		963329DC18F96A39009B3021 /* CoreGraphics.framework in Frameworks */ = {isa = PBXBuildFile; fileRef = 963329DB18F96A39009B3021 /* CoreGraphics.framework */; };
		963329DE18F96A39009B3021 /* UIKit.framework in Frameworks */ = {isa = PBXBuildFile; fileRef = 963329DD18F96A39009B3021 /* UIKit.framework */; };
		963329E418F96A39009B3021 /* InfoPlist.strings in Resources */ = {isa = PBXBuildFile; fileRef = 963329E218F96A39009B3021 /* InfoPlist.strings */; };
		963329E618F96A39009B3021 /* main.m in Sources */ = {isa = PBXBuildFile; fileRef = 963329E518F96A39009B3021 /* main.m */; };
		963329EA18F96A39009B3021 /* AppDelegate.m in Sources */ = {isa = PBXBuildFile; fileRef = 963329E918F96A39009B3021 /* AppDelegate.m */; };
		963329EC18F96A39009B3021 /* Images.xcassets in Resources */ = {isa = PBXBuildFile; fileRef = 963329EB18F96A39009B3021 /* Images.xcassets */; };
		963329F318F96A39009B3021 /* XCTest.framework in Frameworks */ = {isa = PBXBuildFile; fileRef = 963329F218F96A39009B3021 /* XCTest.framework */; };
		963329F418F96A39009B3021 /* Foundation.framework in Frameworks */ = {isa = PBXBuildFile; fileRef = 963329D918F96A39009B3021 /* Foundation.framework */; };
		963329F518F96A39009B3021 /* UIKit.framework in Frameworks */ = {isa = PBXBuildFile; fileRef = 963329DD18F96A39009B3021 /* UIKit.framework */; };
		963329FD18F96A39009B3021 /* InfoPlist.strings in Resources */ = {isa = PBXBuildFile; fileRef = 963329FB18F96A39009B3021 /* InfoPlist.strings */; };
		963329FF18F96A39009B3021 /* SimpleWeatherTests.m in Sources */ = {isa = PBXBuildFile; fileRef = 963329FE18F96A39009B3021 /* SimpleWeatherTests.m */; };
/* End PBXBuildFile section */

/* Begin PBXContainerItemProxy section */
		963329F618F96A39009B3021 /* PBXContainerItemProxy */ = {
			isa = PBXContainerItemProxy;
			containerPortal = 963329CE18F96A39009B3021 /* Project object */;
			proxyType = 1;
			remoteGlobalIDString = 963329D518F96A39009B3021;
			remoteInfo = SimpleWeather;
		};
/* End PBXContainerItemProxy section */

/* Begin PBXFileReference section */
		963329D618F96A39009B3021 /* SimpleWeather.app */ = {isa = PBXFileReference; explicitFileType = wrapper.application; includeInIndex = 0; path = SimpleWeather.app; sourceTree = BUILT_PRODUCTS_DIR; };
		963329D918F96A39009B3021 /* Foundation.framework */ = {isa = PBXFileReference; lastKnownFileType = wrapper.framework; name = Foundation.framework; path = System/Library/Frameworks/Foundation.framework; sourceTree = SDKROOT; };
		963329DB18F96A39009B3021 /* CoreGraphics.framework */ = {isa = PBXFileReference; lastKnownFileType = wrapper.framework; name = CoreGraphics.framework; path = System/Library/Frameworks/CoreGraphics.framework; sourceTree = SDKROOT; };
		963329DD18F96A39009B3021 /* UIKit.framework */ = {isa = PBXFileReference; lastKnownFileType = wrapper.framework; name = UIKit.framework; path = System/Library/Frameworks/UIKit.framework; sourceTree = SDKROOT; };
		963329E118F96A39009B3021 /* SimpleWeather-Info.plist */ = {isa = PBXFileReference; lastKnownFileType = text.plist.xml; path = "SimpleWeather-Info.plist"; sourceTree = "<group>"; };
		963329E318F96A39009B3021 /* en */ = {isa = PBXFileReference; lastKnownFileType = text.plist.strings; name = en; path = en.lproj/InfoPlist.strings; sourceTree = "<group>"; };
		963329E518F96A39009B3021 /* main.m */ = {isa = PBXFileReference; lastKnownFileType = sourcecode.c.objc; path = main.m; sourceTree = "<group>"; };
		963329E718F96A39009B3021 /* SimpleWeather-Prefix.pch */ = {isa = PBXFileReference; lastKnownFileType = sourcecode.c.h; path = "SimpleWeather-Prefix.pch"; sourceTree = "<group>"; };
		963329E818F96A39009B3021 /* AppDelegate.h */ = {isa = PBXFileReference; lastKnownFileType = sourcecode.c.h; path = AppDelegate.h; sourceTree = "<group>"; };
		963329E918F96A39009B3021 /* AppDelegate.m */ = {isa = PBXFileReference; lastKnownFileType = sourcecode.c.objc; path = AppDelegate.m; sourceTree = "<group>"; };
		963329EB18F96A39009B3021 /* Images.xcassets */ = {isa = PBXFileReference; lastKnownFileType = folder.assetcatalog; path = Images.xcassets; sourceTree = "<group>"; };
		963329F118F96A39009B3021 /* SimpleWeatherTests.xctest */ = {isa = PBXFileReference; explicitFileType = wrapper.cfbundle; includeInIndex = 0; path = SimpleWeatherTests.xctest; sourceTree = BUILT_PRODUCTS_DIR; };
		963329F218F96A39009B3021 /* XCTest.framework */ = {isa = PBXFileReference; lastKnownFileType = wrapper.framework; name = XCTest.framework; path = Library/Frameworks/XCTest.framework; sourceTree = DEVELOPER_DIR; };
		963329FA18F96A39009B3021 /* SimpleWeatherTests-Info.plist */ = {isa = PBXFileReference; lastKnownFileType = text.plist.xml; path = "SimpleWeatherTests-Info.plist"; sourceTree = "<group>"; };
		963329FC18F96A39009B3021 /* en */ = {isa = PBXFileReference; lastKnownFileType = text.plist.strings; name = en; path = en.lproj/InfoPlist.strings; sourceTree = "<group>"; };
		963329FE18F96A39009B3021 /* SimpleWeatherTests.m */ = {isa = PBXFileReference; lastKnownFileType = sourcecode.c.objc; path = SimpleWeatherTests.m; sourceTree = "<group>"; };
/* End PBXFileReference section */

/* Begin PBXFrameworksBuildPhase section */
		963329D318F96A39009B3021 /* Frameworks */ = {
			isa = PBXFrameworksBuildPhase;
			buildActionMask = 2147483647;
			files = (
				963329DC18F96A39009B3021 /* CoreGraphics.framework in Frameworks */,
				963329DE18F96A39009B3021 /* UIKit.framework in Frameworks */,
				963329DA18F96A39009B3021 /* Foundation.framework in Frameworks */,
			);
			runOnlyForDeploymentPostprocessing = 0;
		};
		963329EE18F96A39009B3021 /* Frameworks */ = {
			isa = PBXFrameworksBuildPhase;
			buildActionMask = 2147483647;
			files = (
				963329F318F96A39009B3021 /* XCTest.framework in Frameworks */,
				963329F518F96A39009B3021 /* UIKit.framework in Frameworks */,
				963329F418F96A39009B3021 /* Foundation.framework in Frameworks */,
			);
			runOnlyForDeploymentPostprocessing = 0;
		};
/* End PBXFrameworksBuildPhase section */

/* Begin PBXGroup section */
		963329CD18F96A39009B3021 = {
			isa = PBXGroup;
			children = (
				963329DF18F96A39009B3021 /* SimpleWeather */,
				963329F818F96A39009B3021 /* SimpleWeatherTests */,
				963329D818F96A39009B3021 /* Frameworks */,
				963329D718F96A39009B3021 /* Products */,
			);
			sourceTree = "<group>";
		};
		963329D718F96A39009B3021 /* Products */ = {
			isa = PBXGroup;
			children = (
				963329D618F96A39009B3021 /* SimpleWeather.app */,
				963329F118F96A39009B3021 /* SimpleWeatherTests.xctest */,
			);
			name = Products;
			sourceTree = "<group>";
		};
		963329D818F96A39009B3021 /* Frameworks */ = {
			isa = PBXGroup;
			children = (
				963329D918F96A39009B3021 /* Foundation.framework */,
				963329DB18F96A39009B3021 /* CoreGraphics.framework */,
				963329DD18F96A39009B3021 /* UIKit.framework */,
				963329F218F96A39009B3021 /* XCTest.framework */,
			);
			name = Frameworks;
			sourceTree = "<group>";
		};
		963329DF18F96A39009B3021 /* SimpleWeather */ = {
			isa = PBXGroup;
			children = (
				963329E818F96A39009B3021 /* AppDelegate.h */,
				963329E918F96A39009B3021 /* AppDelegate.m */,
				963329EB18F96A39009B3021 /* Images.xcassets */,
				963329E018F96A39009B3021 /* Supporting Files */,
			);
			path = SimpleWeather;
			sourceTree = "<group>";
		};
		963329E018F96A39009B3021 /* Supporting Files */ = {
			isa = PBXGroup;
			children = (
				963329E118F96A39009B3021 /* SimpleWeather-Info.plist */,
				963329E218F96A39009B3021 /* InfoPlist.strings */,
				963329E518F96A39009B3021 /* main.m */,
				963329E718F96A39009B3021 /* SimpleWeather-Prefix.pch */,
			);
			name = "Supporting Files";
			sourceTree = "<group>";
		};
		963329F818F96A39009B3021 /* SimpleWeatherTests */ = {
			isa = PBXGroup;
			children = (
				963329FE18F96A39009B3021 /* SimpleWeatherTests.m */,
				963329F918F96A39009B3021 /* Supporting Files */,
			);
			path = SimpleWeatherTests;
			sourceTree = "<group>";
		};
		963329F918F96A39009B3021 /* Supporting Files */ = {
			isa = PBXGroup;
			children = (
				963329FA18F96A39009B3021 /* SimpleWeatherTests-Info.plist */,
				963329FB18F96A39009B3021 /* InfoPlist.strings */,
			);
			name = "Supporting Files";
			sourceTree = "<group>";
		};
/* End PBXGroup section */

/* Begin PBXNativeTarget section */
		963329D518F96A39009B3021 /* SimpleWeather */ = {
			isa = PBXNativeTarget;
			buildConfigurationList = 96332A0218F96A39009B3021 /* Build configuration list for PBXNativeTarget "SimpleWeather" */;
			buildPhases = (
				963329D218F96A39009B3021 /* Sources */,
				963329D318F96A39009B3021 /* Frameworks */,
				963329D418F96A39009B3021 /* Resources */,
			);
			buildRules = (
			);
			dependencies = (
			);
			name = SimpleWeather;
			productName = SimpleWeather;
			productReference = 963329D618F96A39009B3021 /* SimpleWeather.app */;
			productType = "com.apple.product-type.application";
		};
		963329F018F96A39009B3021 /* SimpleWeatherTests */ = {
			isa = PBXNativeTarget;
			buildConfigurationList = 96332A0518F96A39009B3021 /* Build configuration list for PBXNativeTarget "SimpleWeatherTests" */;
			buildPhases = (
				963329ED18F96A39009B3021 /* Sources */,
				963329EE18F96A39009B3021 /* Frameworks */,
				963329EF18F96A39009B3021 /* Resources */,
			);
			buildRules = (
			);
			dependencies = (
				963329F718F96A39009B3021 /* PBXTargetDependency */,
			);
			name = SimpleWeatherTests;
			productName = SimpleWeatherTests;
			productReference = 963329F118F96A39009B3021 /* SimpleWeatherTests.xctest */;
			productType = "com.apple.product-type.bundle.unit-test";
		};
/* End PBXNativeTarget section */

/* Begin PBXProject section */
		963329CE18F96A39009B3021 /* Project object */ = {
			isa = PBXProject;
			attributes = {
				LastUpgradeCheck = 0510;
				ORGANIZATIONNAME = Jason;
				TargetAttributes = {
					963329F018F96A39009B3021 = {
						TestTargetID = 963329D518F96A39009B3021;
					};
				};
			};
			buildConfigurationList = 963329D118F96A39009B3021 /* Build configuration list for PBXProject "SimpleWeather" */;
			compatibilityVersion = "Xcode 3.2";
			developmentRegion = English;
			hasScannedForEncodings = 0;
			knownRegions = (
				en,
			);
			mainGroup = 963329CD18F96A39009B3021;
			productRefGroup = 963329D718F96A39009B3021 /* Products */;
			projectDirPath = "";
			projectRoot = "";
			targets = (
				963329D518F96A39009B3021 /* SimpleWeather */,
				963329F018F96A39009B3021 /* SimpleWeatherTests */,
			);
		};
/* End PBXProject section */

/* Begin PBXResourcesBuildPhase section */
		963329D418F96A39009B3021 /* Resources */ = {
			isa = PBXResourcesBuildPhase;
			buildActionMask = 2147483647;
			files = (
				963329E418F96A39009B3021 /* InfoPlist.strings in Resources */,
				963329EC18F96A39009B3021 /* Images.xcassets in Resources */,
			);
			runOnlyForDeploymentPostprocessing = 0;
		};
		963329EF18F96A39009B3021 /* Resources */ = {
			isa = PBXResourcesBuildPhase;
			buildActionMask = 2147483647;
			files = (
				963329FD18F96A39009B3021 /* InfoPlist.strings in Resources */,
			);
			runOnlyForDeploymentPostprocessing = 0;
		};
/* End PBXResourcesBuildPhase section */

/* Begin PBXSourcesBuildPhase section */
		963329D218F96A39009B3021 /* Sources */ = {
			isa = PBXSourcesBuildPhase;
			buildActionMask = 2147483647;
			files = (
				963329EA18F96A39009B3021 /* AppDelegate.m in Sources */,
				963329E618F96A39009B3021 /* main.m in Sources */,
			);
			runOnlyForDeploymentPostprocessing = 0;
		};
		963329ED18F96A39009B3021 /* Sources */ = {
			isa = PBXSourcesBuildPhase;
			buildActionMask = 2147483647;
			files = (
				963329FF18F96A39009B3021 /* SimpleWeatherTests.m in Sources */,
			);
			runOnlyForDeploymentPostprocessing = 0;
		};
/* End PBXSourcesBuildPhase section */

/* Begin PBXTargetDependency section */
		963329F718F96A39009B3021 /* PBXTargetDependency */ = {
			isa = PBXTargetDependency;
			target = 963329D518F96A39009B3021 /* SimpleWeather */;
			targetProxy = 963329F618F96A39009B3021 /* PBXContainerItemProxy */;
		};
/* End PBXTargetDependency section */

/* Begin PBXVariantGroup section */
		963329E218F96A39009B3021 /* InfoPlist.strings */ = {
			isa = PBXVariantGroup;
			children = (
				963329E318F96A39009B3021 /* en */,
			);
			name = InfoPlist.strings;
			sourceTree = "<group>";
		};
		963329FB18F96A39009B3021 /* InfoPlist.strings */ = {
			isa = PBXVariantGroup;
			children = (
				963329FC18F96A39009B3021 /* en */,
			);
			name = InfoPlist.strings;
			sourceTree = "<group>";
		};
/* End PBXVariantGroup section */

/* Begin XCBuildConfiguration section */
		96332A0018F96A39009B3021 /* Debug */ = {
			isa = XCBuildConfiguration;
			buildSettings = {
				ALWAYS_SEARCH_USER_PATHS = NO;
				CLANG_CXX_LANGUAGE_STANDARD = "gnu++0x";
				CLANG_CXX_LIBRARY = "libc++";
				CLANG_ENABLE_MODULES = YES;
				CLANG_ENABLE_OBJC_ARC = YES;
				CLANG_WARN_BOOL_CONVERSION = YES;
				CLANG_WARN_CONSTANT_CONVERSION = YES;
				CLANG_WARN_DIRECT_OBJC_ISA_USAGE = YES_ERROR;
				CLANG_WARN_EMPTY_BODY = YES;
				CLANG_WARN_ENUM_CONVERSION = YES;
				CLANG_WARN_INT_CONVERSION = YES;
				CLANG_WARN_OBJC_ROOT_CLASS = YES_ERROR;
				CLANG_WARN__DUPLICATE_METHOD_MATCH = YES;
				"CODE_SIGN_IDENTITY[sdk=iphoneos*]" = "iPhone Developer";
				COPY_PHASE_STRIP = NO;
				GCC_C_LANGUAGE_STANDARD = gnu99;
				GCC_DYNAMIC_NO_PIC = NO;
				GCC_OPTIMIZATION_LEVEL = 0;
				GCC_PREPROCESSOR_DEFINITIONS = (
					"DEBUG=1",
					"$(inherited)",
				);
				GCC_SYMBOLS_PRIVATE_EXTERN = NO;
				GCC_WARN_64_TO_32_BIT_CONVERSION = YES;
				GCC_WARN_ABOUT_RETURN_TYPE = YES_ERROR;
				GCC_WARN_UNDECLARED_SELECTOR = YES;
				GCC_WARN_UNINITIALIZED_AUTOS = YES_AGGRESSIVE;
				GCC_WARN_UNUSED_FUNCTION = YES;
				GCC_WARN_UNUSED_VARIABLE = YES;
				IPHONEOS_DEPLOYMENT_TARGET = 7.1;
				ONLY_ACTIVE_ARCH = YES;
				SDKROOT = iphoneos;
			};
			name = Debug;
		};
		96332A0118F96A39009B3021 /* Release */ = {
			isa = XCBuildConfiguration;
			buildSettings = {
				ALWAYS_SEARCH_USER_PATHS = NO;
				CLANG_CXX_LANGUAGE_STANDARD = "gnu++0x";
				CLANG_CXX_LIBRARY = "libc++";
				CLANG_ENABLE_MODULES = YES;
				CLANG_ENABLE_OBJC_ARC = YES;
				CLANG_WARN_BOOL_CONVERSION = YES;
				CLANG_WARN_CONSTANT_CONVERSION = YES;
				CLANG_WARN_DIRECT_OBJC_ISA_USAGE = YES_ERROR;
				CLANG_WARN_EMPTY_BODY = YES;
				CLANG_WARN_ENUM_CONVERSION = YES;
				CLANG_WARN_INT_CONVERSION = YES;
				CLANG_WARN_OBJC_ROOT_CLASS = YES_ERROR;
				CLANG_WARN__DUPLICATE_METHOD_MATCH = YES;
				"CODE_SIGN_IDENTITY[sdk=iphoneos*]" = "iPhone Developer";
				COPY_PHASE_STRIP = YES;
				ENABLE_NS_ASSERTIONS = NO;
				GCC_C_LANGUAGE_STANDARD = gnu99;
				GCC_WARN_64_TO_32_BIT_CONVERSION = YES;
				GCC_WARN_ABOUT_RETURN_TYPE = YES_ERROR;
				GCC_WARN_UNDECLARED_SELECTOR = YES;
				GCC_WARN_UNINITIALIZED_AUTOS = YES_AGGRESSIVE;
				GCC_WARN_UNUSED_FUNCTION = YES;
				GCC_WARN_UNUSED_VARIABLE = YES;
				IPHONEOS_DEPLOYMENT_TARGET = 7.1;
				SDKROOT = iphoneos;
				VALIDATE_PRODUCT = YES;
			};
			name = Release;
		};
		96332A0318F96A39009B3021 /* Debug */ = {
			isa = XCBuildConfiguration;
			buildSettings = {
				ASSETCATALOG_COMPILER_APPICON_NAME = AppIcon;
				ASSETCATALOG_COMPILER_LAUNCHIMAGE_NAME = LaunchImage;
				GCC_PRECOMPILE_PREFIX_HEADER = YES;
				GCC_PREFIX_HEADER = "SimpleWeather/SimpleWeather-Prefix.pch";
				INFOPLIST_FILE = "SimpleWeather/SimpleWeather-Info.plist";
				PRODUCT_NAME = "$(TARGET_NAME)";
				WRAPPER_EXTENSION = app;
			};
			name = Debug;
		};
		96332A0418F96A39009B3021 /* Release */ = {
			isa = XCBuildConfiguration;
			buildSettings = {
				ASSETCATALOG_COMPILER_APPICON_NAME = AppIcon;
				ASSETCATALOG_COMPILER_LAUNCHIMAGE_NAME = LaunchImage;
				GCC_PRECOMPILE_PREFIX_HEADER = YES;
				GCC_PREFIX_HEADER = "SimpleWeather/SimpleWeather-Prefix.pch";
				INFOPLIST_FILE = "SimpleWeather/SimpleWeather-Info.plist";
				PRODUCT_NAME = "$(TARGET_NAME)";
				WRAPPER_EXTENSION = app;
			};
			name = Release;
		};
		96332A0618F96A39009B3021 /* Debug */ = {
			isa = XCBuildConfiguration;
			buildSettings = {
				BUNDLE_LOADER = "$(BUILT_PRODUCTS_DIR)/SimpleWeather.app/SimpleWeather";
				FRAMEWORK_SEARCH_PATHS = (
					"$(SDKROOT)/Developer/Library/Frameworks",
					"$(inherited)",
					"$(DEVELOPER_FRAMEWORKS_DIR)",
				);
				GCC_PRECOMPILE_PREFIX_HEADER = YES;
				GCC_PREFIX_HEADER = "SimpleWeather/SimpleWeather-Prefix.pch";
				GCC_PREPROCESSOR_DEFINITIONS = (
					"DEBUG=1",
					"$(inherited)",
				);
				INFOPLIST_FILE = "SimpleWeatherTests/SimpleWeatherTests-Info.plist";
				PRODUCT_NAME = "$(TARGET_NAME)";
				TEST_HOST = "$(BUNDLE_LOADER)";
				WRAPPER_EXTENSION = xctest;
			};
			name = Debug;
		};
		96332A0718F96A39009B3021 /* Release */ = {
			isa = XCBuildConfiguration;
			buildSettings = {
				BUNDLE_LOADER = "$(BUILT_PRODUCTS_DIR)/SimpleWeather.app/SimpleWeather";
				FRAMEWORK_SEARCH_PATHS = (
					"$(SDKROOT)/Developer/Library/Frameworks",
					"$(inherited)",
					"$(DEVELOPER_FRAMEWORKS_DIR)",
				);
				GCC_PRECOMPILE_PREFIX_HEADER = YES;
				GCC_PREFIX_HEADER = "SimpleWeather/SimpleWeather-Prefix.pch";
				INFOPLIST_FILE = "SimpleWeatherTests/SimpleWeatherTests-Info.plist";
				PRODUCT_NAME = "$(TARGET_NAME)";
				TEST_HOST = "$(BUNDLE_LOADER)";
				WRAPPER_EXTENSION = xctest;
			};
			name = Release;
		};
/* End XCBuildConfiguration section */

/* Begin XCConfigurationList section */
		963329D118F96A39009B3021 /* Build configuration list for PBXProject "SimpleWeather" */ = {
			isa = XCConfigurationList;
			buildConfigurations = (
				96332A0018F96A39009B3021 /* Debug */,
				96332A0118F96A39009B3021 /* Release */,
			);
			defaultConfigurationIsVisible = 0;
			defaultConfigurationName = Release;
		};
		96332A0218F96A39009B3021 /* Build configuration list for PBXNativeTarget "SimpleWeather" */ = {
			isa = XCConfigurationList;
			buildConfigurations = (
				96332A0318F96A39009B3021 /* Debug */,
				96332A0418F96A39009B3021 /* Release */,
			);
			defaultConfigurationIsVisible = 0;
		};
		96332A0518F96A39009B3021 /* Build configuration list for PBXNativeTarget "SimpleWeatherTests" */ = {
			isa = XCConfigurationList;
			buildConfigurations = (
				96332A0618F96A39009B3021 /* Debug */,
				96332A0718F96A39009B3021 /* Release */,
			);
			defaultConfigurationIsVisible = 0;
		};
/* End XCConfigurationList section */
	};
	rootObject = 963329CE18F96A39009B3021 /* Project object */;
}
